
Microsoft Visual Studio Solution File, Format Version 12.00
Project("{FAE04EC0-301F-11D3-BF4B-00C04F79EFBC}") = "IndoorDesign", "IndoorDesign.csproj", "{00058869-6396-4C3D-A05D-2B44F270DF26}"
EndProject
Global
	GlobalSection(SolutionConfigurationPlatforms) = preSolution
		Debug|Any CPU = Debug|Any CPU
		Release|Any CPU = Release|Any CPU
	EndGlobalSection
	GlobalSection(ProjectConfigurationPlatforms) = postSolution
		{00058869-6396-4C3D-A05D-2B44F270DF26}.Debug|Any CPU.ActiveCfg = Debug|Any CPU
		{00058869-6396-4C3D-A05D-2B44F270DF26}.Debug|Any CPU.Build.0 = Debug|Any CPU
		{00058869-6396-4C3D-A05D-2B44F270DF26}.Release|Any CPU.ActiveCfg = Release|Any CPU
		{00058869-6396-4C3D-A05D-2B44F270DF26}.Release|Any CPU.Build.0 = Release|Any CPU
	EndGlobalSection
EndGlobal
